
Microsoft Visual Studio Solution File, Format Version 12.00
# Visual Studio Version 17
VisualStudioVersion = 17.14.36414.22
MinimumVisualStudioVersion = 10.0.40219.1
Project("{2150E333-8FDC-42A3-9474-1A3956D46DE8}") = "1. Presentaciones", "1. Presentaciones", "{02EA681E-C7D8-13C7-8484-4AC65E1B71E8}"
EndProject
Project("{2150E333-8FDC-42A3-9474-1A3956D46DE8}") = "2. Servicios", "2. Servicios", "{32456E63-7A36-4418-85D7-D838FFD7990C}"
EndProject
Project("{2150E333-8FDC-42A3-9474-1A3956D46DE8}") = "3. Nucleo", "3. Nucleo", "{41CFE505-8340-44F4-A78C-C2C58542C948}"
EndProject
Project("{2150E333-8FDC-42A3-9474-1A3956D46DE8}") = "4. Pruebas Unitarias", "4. Pruebas Unitarias", "{8A8506C3-F2F0-4D11-879C-275850249183}"
EndProject
Project("{FAE04EC0-301F-11D3-BF4B-00C04F79EFBC}") = "lib_dominio", "lib_dominio\lib_dominio.csproj", "{8EDFDAB7-4039-445C-BE8F-F30BBB50E724}"
EndProject
Project("{FAE04EC0-301F-11D3-BF4B-00C04F79EFBC}") = "lib_repositorios", "lib_repositorios\lib_repositorios.csproj", "{FE12F5A9-382D-47DE-BB10-23AB1D1BE01E}"
EndProject
Project("{FAE04EC0-301F-11D3-BF4B-00C04F79EFBC}") = "ut_presentacion", "ut_presentacion\ut_presentacion.csproj", "{23A4DD49-8196-435D-B380-BB237FC06A94}"
EndProject
Project("{2150E333-8FDC-42A3-9474-1A3956D46DE8}") = "Elementos de la solución", "Elementos de la solución", "{D107F4C8-89CC-BEA8-D3D7-CA6B7733353D}"
	ProjectSection(SolutionItems) = preProject
		configJson.txt = configJson.txt
	EndProjectSection
EndProject
Global
	GlobalSection(SolutionConfigurationPlatforms) = preSolution
		Debug|Any CPU = Debug|Any CPU
		Release|Any CPU = Release|Any CPU
	EndGlobalSection
	GlobalSection(ProjectConfigurationPlatforms) = postSolution
		{8EDFDAB7-4039-445C-BE8F-F30BBB50E724}.Debug|Any CPU.ActiveCfg = Debug|Any CPU
		{8EDFDAB7-4039-445C-BE8F-F30BBB50E724}.Debug|Any CPU.Build.0 = Debug|Any CPU
		{8EDFDAB7-4039-445C-BE8F-F30BBB50E724}.Release|Any CPU.ActiveCfg = Release|Any CPU
		{8EDFDAB7-4039-445C-BE8F-F30BBB50E724}.Release|Any CPU.Build.0 = Release|Any CPU
		{FE12F5A9-382D-47DE-BB10-23AB1D1BE01E}.Debug|Any CPU.ActiveCfg = Debug|Any CPU
		{FE12F5A9-382D-47DE-BB10-23AB1D1BE01E}.Debug|Any CPU.Build.0 = Debug|Any CPU
		{FE12F5A9-382D-47DE-BB10-23AB1D1BE01E}.Release|Any CPU.ActiveCfg = Release|Any CPU
		{FE12F5A9-382D-47DE-BB10-23AB1D1BE01E}.Release|Any CPU.Build.0 = Release|Any CPU
		{23A4DD49-8196-435D-B380-BB237FC06A94}.Debug|Any CPU.ActiveCfg = Debug|Any CPU
		{23A4DD49-8196-435D-B380-BB237FC06A94}.Debug|Any CPU.Build.0 = Debug|Any CPU
		{23A4DD49-8196-435D-B380-BB237FC06A94}.Release|Any CPU.ActiveCfg = Release|Any CPU
		{23A4DD49-8196-435D-B380-BB237FC06A94}.Release|Any CPU.Build.0 = Release|Any CPU
	EndGlobalSection
	GlobalSection(SolutionProperties) = preSolution
		HideSolutionNode = FALSE
	EndGlobalSection
	GlobalSection(NestedProjects) = preSolution
		{8EDFDAB7-4039-445C-BE8F-F30BBB50E724} = {41CFE505-8340-44F4-A78C-C2C58542C948}
		{FE12F5A9-382D-47DE-BB10-23AB1D1BE01E} = {32456E63-7A36-4418-85D7-D838FFD7990C}
		{23A4DD49-8196-435D-B380-BB237FC06A94} = {8A8506C3-F2F0-4D11-879C-275850249183}
	EndGlobalSection
	GlobalSection(ExtensibilityGlobals) = postSolution
		SolutionGuid = {CCA8CDE1-C16E-4759-80A6-41A22EB1DBFB}
	EndGlobalSection
EndGlobal
